// !$*UTF8*$!
{
	archiveVersion = 1;
	classes = {
	};
	objectVersion = 56;
	objects = {

/* Begin PBXBuildFile section */
		633D43E62A49C30F009FFECB /* AppDelegate.swift in Sources */ = {isa = PBXBuildFile; fileRef = 633D43E52A49C30F009FFECB /* AppDelegate.swift */; };
		633D43E82A49C30F009FFECB /* SceneDelegate.swift in Sources */ = {isa = PBXBuildFile; fileRef = 633D43E72A49C30F009FFECB /* SceneDelegate.swift */; };
		633D43EA2A49C30F009FFECB /* TabBarViewController.swift in Sources */ = {isa = PBXBuildFile; fileRef = 633D43E92A49C30F009FFECB /* TabBarViewController.swift */; };
		633D43EF2A49C310009FFECB /* Assets.xcassets in Resources */ = {isa = PBXBuildFile; fileRef = 633D43EE2A49C310009FFECB /* Assets.xcassets */; };
		633D43F22A49C310009FFECB /* LaunchScreen.storyboard in Resources */ = {isa = PBXBuildFile; fileRef = 633D43F02A49C310009FFECB /* LaunchScreen.storyboard */; };
		633D44012A4A1A98009FFECB /* AppLocation.swift in Sources */ = {isa = PBXBuildFile; fileRef = 633D44002A4A1A98009FFECB /* AppLocation.swift */; };
		633D44032A4A1AB6009FFECB /* AppCharacters.swift in Sources */ = {isa = PBXBuildFile; fileRef = 633D44022A4A1AB6009FFECB /* AppCharacters.swift */; };
		633D44052A4A1ACB009FFECB /* AppEpisode.swift in Sources */ = {isa = PBXBuildFile; fileRef = 633D44042A4A1ACB009FFECB /* AppEpisode.swift */; };
		633D44082A4A1B6E009FFECB /* CharacterViewController.swift in Sources */ = {isa = PBXBuildFile; fileRef = 633D44072A4A1B6E009FFECB /* CharacterViewController.swift */; };
		633D440A2A4A1B83009FFECB /* LocationViewController.swift in Sources */ = {isa = PBXBuildFile; fileRef = 633D44092A4A1B83009FFECB /* LocationViewController.swift */; };
		633D440C2A4A1B8F009FFECB /* EpisodeViewController.swift in Sources */ = {isa = PBXBuildFile; fileRef = 633D440B2A4A1B8F009FFECB /* EpisodeViewController.swift */; };
		633D440E2A4A1BAC009FFECB /* SettingsViewController.swift in Sources */ = {isa = PBXBuildFile; fileRef = 633D440D2A4A1BAC009FFECB /* SettingsViewController.swift */; };
		633D44102A4A2EA3009FFECB /* AppService.swift in Sources */ = {isa = PBXBuildFile; fileRef = 633D440F2A4A2EA3009FFECB /* AppService.swift */; };
		633D44122A4A2EB7009FFECB /* AppRequest.swift in Sources */ = {isa = PBXBuildFile; fileRef = 633D44112A4A2EB7009FFECB /* AppRequest.swift */; };
		633D44142A4A2FE0009FFECB /* AppEndpoint.swift in Sources */ = {isa = PBXBuildFile; fileRef = 633D44132A4A2FE0009FFECB /* AppEndpoint.swift */; };
		633D44162A4A3C5A009FFECB /* AppCharacterStatus.swift in Sources */ = {isa = PBXBuildFile; fileRef = 633D44152A4A3C5A009FFECB /* AppCharacterStatus.swift */; };
		633D44182A4A3C84009FFECB /* Origin.swift in Sources */ = {isa = PBXBuildFile; fileRef = 633D44172A4A3C84009FFECB /* Origin.swift */; };
		633D441A2A4A3CEA009FFECB /* AppCharLocation.swift in Sources */ = {isa = PBXBuildFile; fileRef = 633D44192A4A3CEA009FFECB /* AppCharLocation.swift */; };
		633D441C2A4A3D74009FFECB /* CharacterGender.swift in Sources */ = {isa = PBXBuildFile; fileRef = 633D441B2A4A3D74009FFECB /* CharacterGender.swift */; };
/* End PBXBuildFile section */

/* Begin PBXFileReference section */
		633D43E22A49C30F009FFECB /* RickNMorty.app */ = {isa = PBXFileReference; explicitFileType = wrapper.application; includeInIndex = 0; path = RickNMorty.app; sourceTree = BUILT_PRODUCTS_DIR; };
		633D43E52A49C30F009FFECB /* AppDelegate.swift */ = {isa = PBXFileReference; lastKnownFileType = sourcecode.swift; path = AppDelegate.swift; sourceTree = "<group>"; };
		633D43E72A49C30F009FFECB /* SceneDelegate.swift */ = {isa = PBXFileReference; lastKnownFileType = sourcecode.swift; path = SceneDelegate.swift; sourceTree = "<group>"; };
		633D43E92A49C30F009FFECB /* TabBarViewController.swift */ = {isa = PBXFileReference; lastKnownFileType = sourcecode.swift; path = TabBarViewController.swift; sourceTree = "<group>"; };
		633D43EE2A49C310009FFECB /* Assets.xcassets */ = {isa = PBXFileReference; lastKnownFileType = folder.assetcatalog; path = Assets.xcassets; sourceTree = "<group>"; };
		633D43F12A49C310009FFECB /* Base */ = {isa = PBXFileReference; lastKnownFileType = file.storyboard; name = Base; path = Base.lproj/LaunchScreen.storyboard; sourceTree = "<group>"; };
		633D43F32A49C310009FFECB /* Info.plist */ = {isa = PBXFileReference; lastKnownFileType = text.plist.xml; path = Info.plist; sourceTree = "<group>"; };
		633D44002A4A1A98009FFECB /* AppLocation.swift */ = {isa = PBXFileReference; lastKnownFileType = sourcecode.swift; path = AppLocation.swift; sourceTree = "<group>"; };
		633D44022A4A1AB6009FFECB /* AppCharacters.swift */ = {isa = PBXFileReference; lastKnownFileType = sourcecode.swift; path = AppCharacters.swift; sourceTree = "<group>"; };
		633D44042A4A1ACB009FFECB /* AppEpisode.swift */ = {isa = PBXFileReference; lastKnownFileType = sourcecode.swift; path = AppEpisode.swift; sourceTree = "<group>"; };
		633D44072A4A1B6E009FFECB /* CharacterViewController.swift */ = {isa = PBXFileReference; lastKnownFileType = sourcecode.swift; path = CharacterViewController.swift; sourceTree = "<group>"; };
		633D44092A4A1B83009FFECB /* LocationViewController.swift */ = {isa = PBXFileReference; lastKnownFileType = sourcecode.swift; path = LocationViewController.swift; sourceTree = "<group>"; };
		633D440B2A4A1B8F009FFECB /* EpisodeViewController.swift */ = {isa = PBXFileReference; lastKnownFileType = sourcecode.swift; path = EpisodeViewController.swift; sourceTree = "<group>"; };
		633D440D2A4A1BAC009FFECB /* SettingsViewController.swift */ = {isa = PBXFileReference; lastKnownFileType = sourcecode.swift; path = SettingsViewController.swift; sourceTree = "<group>"; };
		633D440F2A4A2EA3009FFECB /* AppService.swift */ = {isa = PBXFileReference; lastKnownFileType = sourcecode.swift; path = AppService.swift; sourceTree = "<group>"; };
		633D44112A4A2EB7009FFECB /* AppRequest.swift */ = {isa = PBXFileReference; lastKnownFileType = sourcecode.swift; path = AppRequest.swift; sourceTree = "<group>"; };
		633D44132A4A2FE0009FFECB /* AppEndpoint.swift */ = {isa = PBXFileReference; lastKnownFileType = sourcecode.swift; path = AppEndpoint.swift; sourceTree = "<group>"; };
		633D44152A4A3C5A009FFECB /* AppCharacterStatus.swift */ = {isa = PBXFileReference; lastKnownFileType = sourcecode.swift; path = AppCharacterStatus.swift; sourceTree = "<group>"; };
		633D44172A4A3C84009FFECB /* Origin.swift */ = {isa = PBXFileReference; lastKnownFileType = sourcecode.swift; path = Origin.swift; sourceTree = "<group>"; };
		633D44192A4A3CEA009FFECB /* AppCharLocation.swift */ = {isa = PBXFileReference; lastKnownFileType = sourcecode.swift; path = AppCharLocation.swift; sourceTree = "<group>"; };
		633D441B2A4A3D74009FFECB /* CharacterGender.swift */ = {isa = PBXFileReference; lastKnownFileType = sourcecode.swift; path = CharacterGender.swift; sourceTree = "<group>"; };
/* End PBXFileReference section */

/* Begin PBXFrameworksBuildPhase section */
		633D43DF2A49C30F009FFECB /* Frameworks */ = {
			isa = PBXFrameworksBuildPhase;
			buildActionMask = 2147483647;
			files = (
			);
			runOnlyForDeploymentPostprocessing = 0;
		};
/* End PBXFrameworksBuildPhase section */

/* Begin PBXGroup section */
		633D43D92A49C30F009FFECB = {
			isa = PBXGroup;
			children = (
				633D43E42A49C30F009FFECB /* RickNMorty */,
				633D43E32A49C30F009FFECB /* Products */,
			);
			sourceTree = "<group>";
		};
		633D43E32A49C30F009FFECB /* Products */ = {
			isa = PBXGroup;
			children = (
				633D43E22A49C30F009FFECB /* RickNMorty.app */,
			);
			name = Products;
			sourceTree = "<group>";
		};
		633D43E42A49C30F009FFECB /* RickNMorty */ = {
			isa = PBXGroup;
			children = (
				633D43F32A49C310009FFECB /* Info.plist */,
				633D43FF2A4A1A1B009FFECB /* Files */,
				633D43FE2A4A1A0E009FFECB /* Managers */,
				633D43FD2A4A19EF009FFECB /* APIClient */,
				633D43FC2A4A19DF009FFECB /* ViewModels */,
				633D43FA2A4A19B4009FFECB /* Views */,
				633D43FB2A4A19CE009FFECB /* Models */,
				633D43F92A4A199C009FFECB /* Controllers */,
			);
			path = RickNMorty;
			sourceTree = "<group>";
		};
		633D43F92A4A199C009FFECB /* Controllers */ = {
			isa = PBXGroup;
			children = (
				633D44062A4A1B32009FFECB /* Core */,
			);
			path = Controllers;
			sourceTree = "<group>";
		};
		633D43FA2A4A19B4009FFECB /* Views */ = {
			isa = PBXGroup;
			children = (
			);
			path = Views;
			sourceTree = "<group>";
		};
		633D43FB2A4A19CE009FFECB /* Models */ = {
			isa = PBXGroup;
			children = (
				633D44002A4A1A98009FFECB /* AppLocation.swift */,
				633D44022A4A1AB6009FFECB /* AppCharacters.swift */,
				633D44042A4A1ACB009FFECB /* AppEpisode.swift */,
				633D44152A4A3C5A009FFECB /* AppCharacterStatus.swift */,
				633D44192A4A3CEA009FFECB /* AppCharLocation.swift */,
				633D44172A4A3C84009FFECB /* Origin.swift */,
				633D441B2A4A3D74009FFECB /* CharacterGender.swift */,
			);
			path = Models;
			sourceTree = "<group>";
		};
		633D43FC2A4A19DF009FFECB /* ViewModels */ = {
			isa = PBXGroup;
			children = (
			);
			path = ViewModels;
			sourceTree = "<group>";
		};
		633D43FD2A4A19EF009FFECB /* APIClient */ = {
			isa = PBXGroup;
			children = (
				633D440F2A4A2EA3009FFECB /* AppService.swift */,
				633D44112A4A2EB7009FFECB /* AppRequest.swift */,
				633D44132A4A2FE0009FFECB /* AppEndpoint.swift */,
			);
			path = APIClient;
			sourceTree = "<group>";
		};
		633D43FE2A4A1A0E009FFECB /* Managers */ = {
			isa = PBXGroup;
			children = (
			);
			path = Managers;
			sourceTree = "<group>";
		};
		633D43FF2A4A1A1B009FFECB /* Files */ = {
			isa = PBXGroup;
			children = (
				633D43E52A49C30F009FFECB /* AppDelegate.swift */,
				633D43E72A49C30F009FFECB /* SceneDelegate.swift */,
				633D43F02A49C310009FFECB /* LaunchScreen.storyboard */,
				633D43EE2A49C310009FFECB /* Assets.xcassets */,
			);
			path = Files;
			sourceTree = "<group>";
		};
		633D44062A4A1B32009FFECB /* Core */ = {
			isa = PBXGroup;
			children = (
				633D43E92A49C30F009FFECB /* TabBarViewController.swift */,
				633D44072A4A1B6E009FFECB /* CharacterViewController.swift */,
				633D44092A4A1B83009FFECB /* LocationViewController.swift */,
				633D440B2A4A1B8F009FFECB /* EpisodeViewController.swift */,
				633D440D2A4A1BAC009FFECB /* SettingsViewController.swift */,
			);
			path = Core;
			sourceTree = "<group>";
		};
/* End PBXGroup section */

/* Begin PBXNativeTarget section */
		633D43E12A49C30F009FFECB /* RickNMorty */ = {
			isa = PBXNativeTarget;
			buildConfigurationList = 633D43F62A49C310009FFECB /* Build configuration list for PBXNativeTarget "RickNMorty" */;
			buildPhases = (
				633D43DE2A49C30F009FFECB /* Sources */,
				633D43DF2A49C30F009FFECB /* Frameworks */,
				633D43E02A49C30F009FFECB /* Resources */,
			);
			buildRules = (
			);
			dependencies = (
			);
			name = RickNMorty;
			productName = RickNMorty;
			productReference = 633D43E22A49C30F009FFECB /* RickNMorty.app */;
			productType = "com.apple.product-type.application";
		};
/* End PBXNativeTarget section */

/* Begin PBXProject section */
		633D43DA2A49C30F009FFECB /* Project object */ = {
			isa = PBXProject;
			attributes = {
				BuildIndependentTargetsInParallel = 1;
				LastSwiftUpdateCheck = 1430;
				LastUpgradeCheck = 1430;
				TargetAttributes = {
					633D43E12A49C30F009FFECB = {
						CreatedOnToolsVersion = 14.3.1;
					};
				};
			};
			buildConfigurationList = 633D43DD2A49C30F009FFECB /* Build configuration list for PBXProject "RickNMorty" */;
			compatibilityVersion = "Xcode 14.0";
			developmentRegion = en;
			hasScannedForEncodings = 0;
			knownRegions = (
				en,
				Base,
			);
			mainGroup = 633D43D92A49C30F009FFECB;
			productRefGroup = 633D43E32A49C30F009FFECB /* Products */;
			projectDirPath = "";
			projectRoot = "";
			targets = (
				633D43E12A49C30F009FFECB /* RickNMorty */,
			);
		};
/* End PBXProject section */

/* Begin PBXResourcesBuildPhase section */
		633D43E02A49C30F009FFECB /* Resources */ = {
			isa = PBXResourcesBuildPhase;
			buildActionMask = 2147483647;
			files = (
				633D43F22A49C310009FFECB /* LaunchScreen.storyboard in Resources */,
				633D43EF2A49C310009FFECB /* Assets.xcassets in Resources */,
			);
			runOnlyForDeploymentPostprocessing = 0;
		};
/* End PBXResourcesBuildPhase section */

/* Begin PBXSourcesBuildPhase section */
		633D43DE2A49C30F009FFECB /* Sources */ = {
			isa = PBXSourcesBuildPhase;
			buildActionMask = 2147483647;
			files = (
				633D43EA2A49C30F009FFECB /* TabBarViewController.swift in Sources */,
				633D44122A4A2EB7009FFECB /* AppRequest.swift in Sources */,
				633D440C2A4A1B8F009FFECB /* EpisodeViewController.swift in Sources */,
				633D44052A4A1ACB009FFECB /* AppEpisode.swift in Sources */,
				633D441A2A4A3CEA009FFECB /* AppCharLocation.swift in Sources */,
				633D44142A4A2FE0009FFECB /* AppEndpoint.swift in Sources */,
				633D440E2A4A1BAC009FFECB /* SettingsViewController.swift in Sources */,
				633D44082A4A1B6E009FFECB /* CharacterViewController.swift in Sources */,
				633D43E62A49C30F009FFECB /* AppDelegate.swift in Sources */,
				633D44032A4A1AB6009FFECB /* AppCharacters.swift in Sources */,
				633D43E82A49C30F009FFECB /* SceneDelegate.swift in Sources */,
				633D44102A4A2EA3009FFECB /* AppService.swift in Sources */,
				633D44012A4A1A98009FFECB /* AppLocation.swift in Sources */,
				633D440A2A4A1B83009FFECB /* LocationViewController.swift in Sources */,
				633D441C2A4A3D74009FFECB /* CharacterGender.swift in Sources */,
				633D44162A4A3C5A009FFECB /* AppCharacterStatus.swift in Sources */,
				633D44182A4A3C84009FFECB /* Origin.swift in Sources */,
			);
			runOnlyForDeploymentPostprocessing = 0;
		};
/* End PBXSourcesBuildPhase section */

/* Begin PBXVariantGroup section */
		633D43F02A49C310009FFECB /* LaunchScreen.storyboard */ = {
			isa = PBXVariantGroup;
			children = (
				633D43F12A49C310009FFECB /* Base */,
			);
			name = LaunchScreen.storyboard;
			sourceTree = "<group>";
		};
/* End PBXVariantGroup section */

/* Begin XCBuildConfiguration section */
		633D43F42A49C310009FFECB /* Debug */ = {
			isa = XCBuildConfiguration;
			buildSettings = {
				ALWAYS_SEARCH_USER_PATHS = NO;
				CLANG_ANALYZER_NONNULL = YES;
				CLANG_ANALYZER_NUMBER_OBJECT_CONVERSION = YES_AGGRESSIVE;
				CLANG_CXX_LANGUAGE_STANDARD = "gnu++20";
				CLANG_ENABLE_MODULES = YES;
				CLANG_ENABLE_OBJC_ARC = YES;
				CLANG_ENABLE_OBJC_WEAK = YES;
				CLANG_WARN_BLOCK_CAPTURE_AUTORELEASING = YES;
				CLANG_WARN_BOOL_CONVERSION = YES;
				CLANG_WARN_COMMA = YES;
				CLANG_WARN_CONSTANT_CONVERSION = YES;
				CLANG_WARN_DEPRECATED_OBJC_IMPLEMENTATIONS = YES;
				CLANG_WARN_DIRECT_OBJC_ISA_USAGE = YES_ERROR;
				CLANG_WARN_DOCUMENTATION_COMMENTS = YES;
				CLANG_WARN_EMPTY_BODY = YES;
				CLANG_WARN_ENUM_CONVERSION = YES;
				CLANG_WARN_INFINITE_RECURSION = YES;
				CLANG_WARN_INT_CONVERSION = YES;
				CLANG_WARN_NON_LITERAL_NULL_CONVERSION = YES;
				CLANG_WARN_OBJC_IMPLICIT_RETAIN_SELF = YES;
				CLANG_WARN_OBJC_LITERAL_CONVERSION = YES;
				CLANG_WARN_OBJC_ROOT_CLASS = YES_ERROR;
				CLANG_WARN_QUOTED_INCLUDE_IN_FRAMEWORK_HEADER = YES;
				CLANG_WARN_RANGE_LOOP_ANALYSIS = YES;
				CLANG_WARN_STRICT_PROTOTYPES = YES;
				CLANG_WARN_SUSPICIOUS_MOVE = YES;
				CLANG_WARN_UNGUARDED_AVAILABILITY = YES_AGGRESSIVE;
				CLANG_WARN_UNREACHABLE_CODE = YES;
				CLANG_WARN__DUPLICATE_METHOD_MATCH = YES;
				COPY_PHASE_STRIP = NO;
				DEBUG_INFORMATION_FORMAT = dwarf;
				ENABLE_STRICT_OBJC_MSGSEND = YES;
				ENABLE_TESTABILITY = YES;
				GCC_C_LANGUAGE_STANDARD = gnu11;
				GCC_DYNAMIC_NO_PIC = NO;
				GCC_NO_COMMON_BLOCKS = YES;
				GCC_OPTIMIZATION_LEVEL = 0;
				GCC_PREPROCESSOR_DEFINITIONS = (
					"DEBUG=1",
					"$(inherited)",
				);
				GCC_WARN_64_TO_32_BIT_CONVERSION = YES;
				GCC_WARN_ABOUT_RETURN_TYPE = YES_ERROR;
				GCC_WARN_UNDECLARED_SELECTOR = YES;
				GCC_WARN_UNINITIALIZED_AUTOS = YES_AGGRESSIVE;
				GCC_WARN_UNUSED_FUNCTION = YES;
				GCC_WARN_UNUSED_VARIABLE = YES;
				IPHONEOS_DEPLOYMENT_TARGET = 16.4;
				MTL_ENABLE_DEBUG_INFO = INCLUDE_SOURCE;
				MTL_FAST_MATH = YES;
				ONLY_ACTIVE_ARCH = YES;
				SDKROOT = iphoneos;
				SWIFT_ACTIVE_COMPILATION_CONDITIONS = DEBUG;
				SWIFT_OPTIMIZATION_LEVEL = "-Onone";
			};
			name = Debug;
		};
		633D43F52A49C310009FFECB /* Release */ = {
			isa = XCBuildConfiguration;
			buildSettings = {
				ALWAYS_SEARCH_USER_PATHS = NO;
				CLANG_ANALYZER_NONNULL = YES;
				CLANG_ANALYZER_NUMBER_OBJECT_CONVERSION = YES_AGGRESSIVE;
				CLANG_CXX_LANGUAGE_STANDARD = "gnu++20";
				CLANG_ENABLE_MODULES = YES;
				CLANG_ENABLE_OBJC_ARC = YES;
				CLANG_ENABLE_OBJC_WEAK = YES;
				CLANG_WARN_BLOCK_CAPTURE_AUTORELEASING = YES;
				CLANG_WARN_BOOL_CONVERSION = YES;
				CLANG_WARN_COMMA = YES;
				CLANG_WARN_CONSTANT_CONVERSION = YES;
				CLANG_WARN_DEPRECATED_OBJC_IMPLEMENTATIONS = YES;
				CLANG_WARN_DIRECT_OBJC_ISA_USAGE = YES_ERROR;
				CLANG_WARN_DOCUMENTATION_COMMENTS = YES;
				CLANG_WARN_EMPTY_BODY = YES;
				CLANG_WARN_ENUM_CONVERSION = YES;
				CLANG_WARN_INFINITE_RECURSION = YES;
				CLANG_WARN_INT_CONVERSION = YES;
				CLANG_WARN_NON_LITERAL_NULL_CONVERSION = YES;
				CLANG_WARN_OBJC_IMPLICIT_RETAIN_SELF = YES;
				CLANG_WARN_OBJC_LITERAL_CONVERSION = YES;
				CLANG_WARN_OBJC_ROOT_CLASS = YES_ERROR;
				CLANG_WARN_QUOTED_INCLUDE_IN_FRAMEWORK_HEADER = YES;
				CLANG_WARN_RANGE_LOOP_ANALYSIS = YES;
				CLANG_WARN_STRICT_PROTOTYPES = YES;
				CLANG_WARN_SUSPICIOUS_MOVE = YES;
				CLANG_WARN_UNGUARDED_AVAILABILITY = YES_AGGRESSIVE;
				CLANG_WARN_UNREACHABLE_CODE = YES;
				CLANG_WARN__DUPLICATE_METHOD_MATCH = YES;
				COPY_PHASE_STRIP = NO;
				DEBUG_INFORMATION_FORMAT = "dwarf-with-dsym";
				ENABLE_NS_ASSERTIONS = NO;
				ENABLE_STRICT_OBJC_MSGSEND = YES;
				GCC_C_LANGUAGE_STANDARD = gnu11;
				GCC_NO_COMMON_BLOCKS = YES;
				GCC_WARN_64_TO_32_BIT_CONVERSION = YES;
				GCC_WARN_ABOUT_RETURN_TYPE = YES_ERROR;
				GCC_WARN_UNDECLARED_SELECTOR = YES;
				GCC_WARN_UNINITIALIZED_AUTOS = YES_AGGRESSIVE;
				GCC_WARN_UNUSED_FUNCTION = YES;
				GCC_WARN_UNUSED_VARIABLE = YES;
				IPHONEOS_DEPLOYMENT_TARGET = 16.4;
				MTL_ENABLE_DEBUG_INFO = NO;
				MTL_FAST_MATH = YES;
				SDKROOT = iphoneos;
				SWIFT_COMPILATION_MODE = wholemodule;
				SWIFT_OPTIMIZATION_LEVEL = "-O";
				VALIDATE_PRODUCT = YES;
			};
			name = Release;
		};
		633D43F72A49C310009FFECB /* Debug */ = {
			isa = XCBuildConfiguration;
			buildSettings = {
				ASSETCATALOG_COMPILER_APPICON_NAME = AppIcon;
				ASSETCATALOG_COMPILER_GLOBAL_ACCENT_COLOR_NAME = AccentColor;
				CODE_SIGN_STYLE = Automatic;
				CURRENT_PROJECT_VERSION = 1;
				DEVELOPMENT_TEAM = B34M97ZY6W;
				GENERATE_INFOPLIST_FILE = YES;
				INFOPLIST_FILE = RickNMorty/Info.plist;
				INFOPLIST_KEY_UIApplicationSupportsIndirectInputEvents = YES;
				INFOPLIST_KEY_UILaunchStoryboardName = LaunchScreen;
				INFOPLIST_KEY_UISupportedInterfaceOrientations_iPad = "UIInterfaceOrientationPortrait UIInterfaceOrientationPortraitUpsideDown UIInterfaceOrientationLandscapeLeft UIInterfaceOrientationLandscapeRight";
				INFOPLIST_KEY_UISupportedInterfaceOrientations_iPhone = "UIInterfaceOrientationPortrait UIInterfaceOrientationLandscapeLeft UIInterfaceOrientationLandscapeRight";
				IPHONEOS_DEPLOYMENT_TARGET = 14.0;
				LD_RUNPATH_SEARCH_PATHS = (
					"$(inherited)",
					"@executable_path/Frameworks",
				);
				MARKETING_VERSION = 1.0;
				PRODUCT_BUNDLE_IDENTIFIER = foranewlife.RickNMorty;
				PRODUCT_NAME = "$(TARGET_NAME)";
				SWIFT_EMIT_LOC_STRINGS = YES;
				SWIFT_VERSION = 5.0;
				TARGETED_DEVICE_FAMILY = "1,2";
			};
			name = Debug;
		};
		633D43F82A49C310009FFECB /* Release */ = {
			isa = XCBuildConfiguration;
			buildSettings = {
				ASSETCATALOG_COMPILER_APPICON_NAME = AppIcon;
				ASSETCATALOG_COMPILER_GLOBAL_ACCENT_COLOR_NAME = AccentColor;
				CODE_SIGN_STYLE = Automatic;
				CURRENT_PROJECT_VERSION = 1;
				DEVELOPMENT_TEAM = B34M97ZY6W;
				GENERATE_INFOPLIST_FILE = YES;
				INFOPLIST_FILE = RickNMorty/Info.plist;
				INFOPLIST_KEY_UIApplicationSupportsIndirectInputEvents = YES;
				INFOPLIST_KEY_UILaunchStoryboardName = LaunchScreen;
				INFOPLIST_KEY_UISupportedInterfaceOrientations_iPad = "UIInterfaceOrientationPortrait UIInterfaceOrientationPortraitUpsideDown UIInterfaceOrientationLandscapeLeft UIInterfaceOrientationLandscapeRight";
				INFOPLIST_KEY_UISupportedInterfaceOrientations_iPhone = "UIInterfaceOrientationPortrait UIInterfaceOrientationLandscapeLeft UIInterfaceOrientationLandscapeRight";
				IPHONEOS_DEPLOYMENT_TARGET = 14.0;
				LD_RUNPATH_SEARCH_PATHS = (
					"$(inherited)",
					"@executable_path/Frameworks",
				);
				MARKETING_VERSION = 1.0;
				PRODUCT_BUNDLE_IDENTIFIER = foranewlife.RickNMorty;
				PRODUCT_NAME = "$(TARGET_NAME)";
				SWIFT_EMIT_LOC_STRINGS = YES;
				SWIFT_VERSION = 5.0;
				TARGETED_DEVICE_FAMILY = "1,2";
			};
			name = Release;
		};
/* End XCBuildConfiguration section */

/* Begin XCConfigurationList section */
		633D43DD2A49C30F009FFECB /* Build configuration list for PBXProject "RickNMorty" */ = {
			isa = XCConfigurationList;
			buildConfigurations = (
				633D43F42A49C310009FFECB /* Debug */,
				633D43F52A49C310009FFECB /* Release */,
			);
			defaultConfigurationIsVisible = 0;
			defaultConfigurationName = Release;
		};
		633D43F62A49C310009FFECB /* Build configuration list for PBXNativeTarget "RickNMorty" */ = {
			isa = XCConfigurationList;
			buildConfigurations = (
				633D43F72A49C310009FFECB /* Debug */,
				633D43F82A49C310009FFECB /* Release */,
			);
			defaultConfigurationIsVisible = 0;
			defaultConfigurationName = Release;
		};
/* End XCConfigurationList section */
	};
	rootObject = 633D43DA2A49C30F009FFECB /* Project object */;
}
