// !$*UTF8*$!
{
	archiveVersion = 1;
	classes = {
	};
	objectVersion = 56;
	objects = {

/* Begin PBXBuildFile section */
		630DE4F92A725168005ACA2F /* AppImageLoader.swift in Sources */ = {isa = PBXBuildFile; fileRef = 630DE4F82A725168005ACA2F /* AppImageLoader.swift */; };
		630DE5002A7B952A005ACA2F /* AppCharacterPhotoCollectionViewCell.swift in Sources */ = {isa = PBXBuildFile; fileRef = 630DE4FF2A7B952A005ACA2F /* AppCharacterPhotoCollectionViewCell.swift */; };
		630DE5022A7B9537005ACA2F /* AppCharacterInfoCollectionViewCell.swift in Sources */ = {isa = PBXBuildFile; fileRef = 630DE5012A7B9537005ACA2F /* AppCharacterInfoCollectionViewCell.swift */; };
		630DE5042A7B9547005ACA2F /* AppCharacterEpisodeCollectionViewCell.swift in Sources */ = {isa = PBXBuildFile; fileRef = 630DE5032A7B9547005ACA2F /* AppCharacterEpisodeCollectionViewCell.swift */; };
		630DE5072A7B95C9005ACA2F /* AppCharacterPhotoCollectionViewCellViewModel.swift in Sources */ = {isa = PBXBuildFile; fileRef = 630DE5062A7B95C9005ACA2F /* AppCharacterPhotoCollectionViewCellViewModel.swift */; };
		630DE5092A7B95D8005ACA2F /* AppCharacterInfoCollectionViewCellViewModel.swift in Sources */ = {isa = PBXBuildFile; fileRef = 630DE5082A7B95D8005ACA2F /* AppCharacterInfoCollectionViewCellViewModel.swift */; };
		630DE50B2A7B95E5005ACA2F /* AppCharacterEpisodeCollectionViewCellViewModel.swift in Sources */ = {isa = PBXBuildFile; fileRef = 630DE50A2A7B95E5005ACA2F /* AppCharacterEpisodeCollectionViewCellViewModel.swift */; };
		630E6B902A54AE0600C17EFB /* AppCharacterListViewViewModel.swift in Sources */ = {isa = PBXBuildFile; fileRef = 630E6B8F2A54AE0600C17EFB /* AppCharacterListViewViewModel.swift */; };
		630E6B922A54AEAC00C17EFB /* AppCharacterListView.swift in Sources */ = {isa = PBXBuildFile; fileRef = 630E6B912A54AEAC00C17EFB /* AppCharacterListView.swift */; };
		630E6B942A55707300C17EFB /* Extensions.swift in Sources */ = {isa = PBXBuildFile; fileRef = 630E6B932A55707300C17EFB /* Extensions.swift */; };
		630E6B962A56B5A400C17EFB /* AppCharacterCollectionGridViewCell.swift in Sources */ = {isa = PBXBuildFile; fileRef = 630E6B952A56B5A400C17EFB /* AppCharacterCollectionGridViewCell.swift */; };
		630E6B982A56C27900C17EFB /* AppCharacterCollectionViewCellViewModel.swift in Sources */ = {isa = PBXBuildFile; fileRef = 630E6B972A56C27900C17EFB /* AppCharacterCollectionViewCellViewModel.swift */; };
		630E6B9B2A58226400C17EFB /* AppCharacterDetailedViewController.swift in Sources */ = {isa = PBXBuildFile; fileRef = 630E6B9A2A58226400C17EFB /* AppCharacterDetailedViewController.swift */; };
		630E6B9D2A58231100C17EFB /* AppCharacterDetailedView.swift in Sources */ = {isa = PBXBuildFile; fileRef = 630E6B9C2A58231100C17EFB /* AppCharacterDetailedView.swift */; };
		630E6B9F2A58234600C17EFB /* AppCharacterDetailedViewViewModel.swift in Sources */ = {isa = PBXBuildFile; fileRef = 630E6B9E2A58234600C17EFB /* AppCharacterDetailedViewViewModel.swift */; };
		633016312ABAE7B4005287F7 /* AppSettingsViewViewModel.swift in Sources */ = {isa = PBXBuildFile; fileRef = 633016302ABAE7B4005287F7 /* AppSettingsViewViewModel.swift */; };
		633016332ABAE832005287F7 /* AppSettingsCellViewModel.swift in Sources */ = {isa = PBXBuildFile; fileRef = 633016322ABAE832005287F7 /* AppSettingsCellViewModel.swift */; };
		633016352ABB078A005287F7 /* AppSettingsOption.swift in Sources */ = {isa = PBXBuildFile; fileRef = 633016342ABB078A005287F7 /* AppSettingsOption.swift */; };
		633016382ABB26B5005287F7 /* AppSettingsView.swift in Sources */ = {isa = PBXBuildFile; fileRef = 633016372ABB26B5005287F7 /* AppSettingsView.swift */; };
		6330163A2ABB603A005287F7 /* AppSettingsViewCollectionViewCell.swift in Sources */ = {isa = PBXBuildFile; fileRef = 633016392ABB603A005287F7 /* AppSettingsViewCollectionViewCell.swift */; };
		6330163C2ABB64B6005287F7 /* AppSettingsCollectionViewViewModel.swift in Sources */ = {isa = PBXBuildFile; fileRef = 6330163B2ABB64B6005287F7 /* AppSettingsCollectionViewViewModel.swift */; };
		633D43E62A49C30F009FFECB /* AppDelegate.swift in Sources */ = {isa = PBXBuildFile; fileRef = 633D43E52A49C30F009FFECB /* AppDelegate.swift */; };
		633D43E82A49C30F009FFECB /* SceneDelegate.swift in Sources */ = {isa = PBXBuildFile; fileRef = 633D43E72A49C30F009FFECB /* SceneDelegate.swift */; };
		633D43EA2A49C30F009FFECB /* TabBarViewController.swift in Sources */ = {isa = PBXBuildFile; fileRef = 633D43E92A49C30F009FFECB /* TabBarViewController.swift */; };
		633D43EF2A49C310009FFECB /* Assets.xcassets in Resources */ = {isa = PBXBuildFile; fileRef = 633D43EE2A49C310009FFECB /* Assets.xcassets */; };
		633D43F22A49C310009FFECB /* LaunchScreen.storyboard in Resources */ = {isa = PBXBuildFile; fileRef = 633D43F02A49C310009FFECB /* LaunchScreen.storyboard */; };
		633D44012A4A1A98009FFECB /* AppLocation.swift in Sources */ = {isa = PBXBuildFile; fileRef = 633D44002A4A1A98009FFECB /* AppLocation.swift */; };
		633D44032A4A1AB6009FFECB /* AppCharacter.swift in Sources */ = {isa = PBXBuildFile; fileRef = 633D44022A4A1AB6009FFECB /* AppCharacter.swift */; };
		633D44052A4A1ACB009FFECB /* AppEpisode.swift in Sources */ = {isa = PBXBuildFile; fileRef = 633D44042A4A1ACB009FFECB /* AppEpisode.swift */; };
		633D44082A4A1B6E009FFECB /* CharacterViewController.swift in Sources */ = {isa = PBXBuildFile; fileRef = 633D44072A4A1B6E009FFECB /* CharacterViewController.swift */; };
		633D440A2A4A1B83009FFECB /* LocationViewController.swift in Sources */ = {isa = PBXBuildFile; fileRef = 633D44092A4A1B83009FFECB /* LocationViewController.swift */; };
		633D440C2A4A1B8F009FFECB /* EpisodeViewController.swift in Sources */ = {isa = PBXBuildFile; fileRef = 633D440B2A4A1B8F009FFECB /* EpisodeViewController.swift */; };
		633D440E2A4A1BAC009FFECB /* SettingsViewController.swift in Sources */ = {isa = PBXBuildFile; fileRef = 633D440D2A4A1BAC009FFECB /* SettingsViewController.swift */; };
		633D44102A4A2EA3009FFECB /* AppService.swift in Sources */ = {isa = PBXBuildFile; fileRef = 633D440F2A4A2EA3009FFECB /* AppService.swift */; };
		633D44122A4A2EB7009FFECB /* AppRequest.swift in Sources */ = {isa = PBXBuildFile; fileRef = 633D44112A4A2EB7009FFECB /* AppRequest.swift */; };
		633D44142A4A2FE0009FFECB /* AppEndpoint.swift in Sources */ = {isa = PBXBuildFile; fileRef = 633D44132A4A2FE0009FFECB /* AppEndpoint.swift */; };
		633D44162A4A3C5A009FFECB /* AppCharacterStatus.swift in Sources */ = {isa = PBXBuildFile; fileRef = 633D44152A4A3C5A009FFECB /* AppCharacterStatus.swift */; };
		633D44182A4A3C84009FFECB /* AppOrigin.swift in Sources */ = {isa = PBXBuildFile; fileRef = 633D44172A4A3C84009FFECB /* AppOrigin.swift */; };
		633D441A2A4A3CEA009FFECB /* AppCharLocation.swift in Sources */ = {isa = PBXBuildFile; fileRef = 633D44192A4A3CEA009FFECB /* AppCharLocation.swift */; };
		633D441C2A4A3D74009FFECB /* AppCharacterGender.swift in Sources */ = {isa = PBXBuildFile; fileRef = 633D441B2A4A3D74009FFECB /* AppCharacterGender.swift */; };
		6340E98E2AB1E8B100A55885 /* AppEpisodeDetailViewController.swift in Sources */ = {isa = PBXBuildFile; fileRef = 6340E98D2AB1E8B100A55885 /* AppEpisodeDetailViewController.swift */; };
		6340E9902AB23A7000A55885 /* AppAPICacheManager.swift in Sources */ = {isa = PBXBuildFile; fileRef = 6340E98F2AB23A7000A55885 /* AppAPICacheManager.swift */; };
		6340E9922AB2444200A55885 /* AppEpisodeDetailViewViewModel.swift in Sources */ = {isa = PBXBuildFile; fileRef = 6340E9912AB2444200A55885 /* AppEpisodeDetailViewViewModel.swift */; };
		6340E9942AB249D800A55885 /* AppEpisodeDetailView.swift in Sources */ = {isa = PBXBuildFile; fileRef = 6340E9932AB249D800A55885 /* AppEpisodeDetailView.swift */; };
		63896C862A5353B000E732A2 /* AppGetAllCharactersResponse.swift in Sources */ = {isa = PBXBuildFile; fileRef = 63896C852A5353B000E732A2 /* AppGetAllCharactersResponse.swift */; };
		639DC9F82A5D396E001A3689 /* AppFooterLoadingCollectionReusableView.swift in Sources */ = {isa = PBXBuildFile; fileRef = 639DC9F72A5D396E001A3689 /* AppFooterLoadingCollectionReusableView.swift */; };
		63A4787C2AB2FC5C007A6B12 /* AppEpisodeListView.swift in Sources */ = {isa = PBXBuildFile; fileRef = 63A4787B2AB2FC5C007A6B12 /* AppEpisodeListView.swift */; };
		63A4787E2AB300A1007A6B12 /* AppEpisodeListViewViewModel.swift in Sources */ = {isa = PBXBuildFile; fileRef = 63A4787D2AB300A1007A6B12 /* AppEpisodeListViewViewModel.swift */; };
		63A478802AB37FF9007A6B12 /* AppGetAllEpisodeResponses.swift in Sources */ = {isa = PBXBuildFile; fileRef = 63A4787F2AB37FF9007A6B12 /* AppGetAllEpisodeResponses.swift */; };
		63A478842AB448C8007A6B12 /* AppSearchViewController.swift in Sources */ = {isa = PBXBuildFile; fileRef = 63A478832AB448C8007A6B12 /* AppSearchViewController.swift */; };
		63A478862AB44C62007A6B12 /* Constant.swift in Sources */ = {isa = PBXBuildFile; fileRef = 63A478852AB44C62007A6B12 /* Constant.swift */; };
		63A478882AB488AE007A6B12 /* AppCharacterCollectionListViewCell.swift in Sources */ = {isa = PBXBuildFile; fileRef = 63A478872AB488AE007A6B12 /* AppCharacterCollectionListViewCell.swift */; };
		63A4788B2AB63462007A6B12 /* AppEpisodeInfoCollectionViewCell.swift in Sources */ = {isa = PBXBuildFile; fileRef = 63A4788A2AB63462007A6B12 /* AppEpisodeInfoCollectionViewCell.swift */; };
		63A4788E2AB63A04007A6B12 /* AppEpisodeInfoCollectionViewCellViewModel.swift in Sources */ = {isa = PBXBuildFile; fileRef = 63A4788D2AB63A04007A6B12 /* AppEpisodeInfoCollectionViewCellViewModel.swift */; };
/* End PBXBuildFile section */

/* Begin PBXFileReference section */
		630DE4F82A725168005ACA2F /* AppImageLoader.swift */ = {isa = PBXFileReference; lastKnownFileType = sourcecode.swift; path = AppImageLoader.swift; sourceTree = "<group>"; };
		630DE4FF2A7B952A005ACA2F /* AppCharacterPhotoCollectionViewCell.swift */ = {isa = PBXFileReference; lastKnownFileType = sourcecode.swift; path = AppCharacterPhotoCollectionViewCell.swift; sourceTree = "<group>"; };
		630DE5012A7B9537005ACA2F /* AppCharacterInfoCollectionViewCell.swift */ = {isa = PBXFileReference; lastKnownFileType = sourcecode.swift; path = AppCharacterInfoCollectionViewCell.swift; sourceTree = "<group>"; };
		630DE5032A7B9547005ACA2F /* AppCharacterEpisodeCollectionViewCell.swift */ = {isa = PBXFileReference; lastKnownFileType = sourcecode.swift; path = AppCharacterEpisodeCollectionViewCell.swift; sourceTree = "<group>"; };
		630DE5062A7B95C9005ACA2F /* AppCharacterPhotoCollectionViewCellViewModel.swift */ = {isa = PBXFileReference; lastKnownFileType = sourcecode.swift; path = AppCharacterPhotoCollectionViewCellViewModel.swift; sourceTree = "<group>"; };
		630DE5082A7B95D8005ACA2F /* AppCharacterInfoCollectionViewCellViewModel.swift */ = {isa = PBXFileReference; lastKnownFileType = sourcecode.swift; path = AppCharacterInfoCollectionViewCellViewModel.swift; sourceTree = "<group>"; };
		630DE50A2A7B95E5005ACA2F /* AppCharacterEpisodeCollectionViewCellViewModel.swift */ = {isa = PBXFileReference; lastKnownFileType = sourcecode.swift; path = AppCharacterEpisodeCollectionViewCellViewModel.swift; sourceTree = "<group>"; };
		630E6B8F2A54AE0600C17EFB /* AppCharacterListViewViewModel.swift */ = {isa = PBXFileReference; lastKnownFileType = sourcecode.swift; path = AppCharacterListViewViewModel.swift; sourceTree = "<group>"; };
		630E6B912A54AEAC00C17EFB /* AppCharacterListView.swift */ = {isa = PBXFileReference; lastKnownFileType = sourcecode.swift; path = AppCharacterListView.swift; sourceTree = "<group>"; };
		630E6B932A55707300C17EFB /* Extensions.swift */ = {isa = PBXFileReference; lastKnownFileType = sourcecode.swift; path = Extensions.swift; sourceTree = "<group>"; };
		630E6B952A56B5A400C17EFB /* AppCharacterCollectionGridViewCell.swift */ = {isa = PBXFileReference; lastKnownFileType = sourcecode.swift; path = AppCharacterCollectionGridViewCell.swift; sourceTree = "<group>"; };
		630E6B972A56C27900C17EFB /* AppCharacterCollectionViewCellViewModel.swift */ = {isa = PBXFileReference; lastKnownFileType = sourcecode.swift; path = AppCharacterCollectionViewCellViewModel.swift; sourceTree = "<group>"; };
		630E6B9A2A58226400C17EFB /* AppCharacterDetailedViewController.swift */ = {isa = PBXFileReference; lastKnownFileType = sourcecode.swift; path = AppCharacterDetailedViewController.swift; sourceTree = "<group>"; };
		630E6B9C2A58231100C17EFB /* AppCharacterDetailedView.swift */ = {isa = PBXFileReference; lastKnownFileType = sourcecode.swift; path = AppCharacterDetailedView.swift; sourceTree = "<group>"; };
		630E6B9E2A58234600C17EFB /* AppCharacterDetailedViewViewModel.swift */ = {isa = PBXFileReference; lastKnownFileType = sourcecode.swift; path = AppCharacterDetailedViewViewModel.swift; sourceTree = "<group>"; };
		633016302ABAE7B4005287F7 /* AppSettingsViewViewModel.swift */ = {isa = PBXFileReference; lastKnownFileType = sourcecode.swift; path = AppSettingsViewViewModel.swift; sourceTree = "<group>"; };
		633016322ABAE832005287F7 /* AppSettingsCellViewModel.swift */ = {isa = PBXFileReference; lastKnownFileType = sourcecode.swift; path = AppSettingsCellViewModel.swift; sourceTree = "<group>"; };
		633016342ABB078A005287F7 /* AppSettingsOption.swift */ = {isa = PBXFileReference; lastKnownFileType = sourcecode.swift; path = AppSettingsOption.swift; sourceTree = "<group>"; };
		633016372ABB26B5005287F7 /* AppSettingsView.swift */ = {isa = PBXFileReference; lastKnownFileType = sourcecode.swift; path = AppSettingsView.swift; sourceTree = "<group>"; };
		633016392ABB603A005287F7 /* AppSettingsViewCollectionViewCell.swift */ = {isa = PBXFileReference; lastKnownFileType = sourcecode.swift; path = AppSettingsViewCollectionViewCell.swift; sourceTree = "<group>"; };
		6330163B2ABB64B6005287F7 /* AppSettingsCollectionViewViewModel.swift */ = {isa = PBXFileReference; lastKnownFileType = sourcecode.swift; path = AppSettingsCollectionViewViewModel.swift; sourceTree = "<group>"; };
		633D43E22A49C30F009FFECB /* RickNMorty.app */ = {isa = PBXFileReference; explicitFileType = wrapper.application; includeInIndex = 0; path = RickNMorty.app; sourceTree = BUILT_PRODUCTS_DIR; };
		633D43E52A49C30F009FFECB /* AppDelegate.swift */ = {isa = PBXFileReference; lastKnownFileType = sourcecode.swift; path = AppDelegate.swift; sourceTree = "<group>"; };
		633D43E72A49C30F009FFECB /* SceneDelegate.swift */ = {isa = PBXFileReference; lastKnownFileType = sourcecode.swift; path = SceneDelegate.swift; sourceTree = "<group>"; };
		633D43E92A49C30F009FFECB /* TabBarViewController.swift */ = {isa = PBXFileReference; lastKnownFileType = sourcecode.swift; path = TabBarViewController.swift; sourceTree = "<group>"; };
		633D43EE2A49C310009FFECB /* Assets.xcassets */ = {isa = PBXFileReference; lastKnownFileType = folder.assetcatalog; path = Assets.xcassets; sourceTree = "<group>"; };
		633D43F12A49C310009FFECB /* Base */ = {isa = PBXFileReference; lastKnownFileType = file.storyboard; name = Base; path = Base.lproj/LaunchScreen.storyboard; sourceTree = "<group>"; };
		633D43F32A49C310009FFECB /* Info.plist */ = {isa = PBXFileReference; lastKnownFileType = text.plist.xml; path = Info.plist; sourceTree = "<group>"; };
		633D44002A4A1A98009FFECB /* AppLocation.swift */ = {isa = PBXFileReference; lastKnownFileType = sourcecode.swift; path = AppLocation.swift; sourceTree = "<group>"; };
		633D44022A4A1AB6009FFECB /* AppCharacter.swift */ = {isa = PBXFileReference; lastKnownFileType = sourcecode.swift; path = AppCharacter.swift; sourceTree = "<group>"; };
		633D44042A4A1ACB009FFECB /* AppEpisode.swift */ = {isa = PBXFileReference; lastKnownFileType = sourcecode.swift; path = AppEpisode.swift; sourceTree = "<group>"; };
		633D44072A4A1B6E009FFECB /* CharacterViewController.swift */ = {isa = PBXFileReference; lastKnownFileType = sourcecode.swift; path = CharacterViewController.swift; sourceTree = "<group>"; };
		633D44092A4A1B83009FFECB /* LocationViewController.swift */ = {isa = PBXFileReference; lastKnownFileType = sourcecode.swift; path = LocationViewController.swift; sourceTree = "<group>"; };
		633D440B2A4A1B8F009FFECB /* EpisodeViewController.swift */ = {isa = PBXFileReference; lastKnownFileType = sourcecode.swift; path = EpisodeViewController.swift; sourceTree = "<group>"; };
		633D440D2A4A1BAC009FFECB /* SettingsViewController.swift */ = {isa = PBXFileReference; lastKnownFileType = sourcecode.swift; path = SettingsViewController.swift; sourceTree = "<group>"; };
		633D440F2A4A2EA3009FFECB /* AppService.swift */ = {isa = PBXFileReference; lastKnownFileType = sourcecode.swift; path = AppService.swift; sourceTree = "<group>"; };
		633D44112A4A2EB7009FFECB /* AppRequest.swift */ = {isa = PBXFileReference; lastKnownFileType = sourcecode.swift; path = AppRequest.swift; sourceTree = "<group>"; };
		633D44132A4A2FE0009FFECB /* AppEndpoint.swift */ = {isa = PBXFileReference; lastKnownFileType = sourcecode.swift; path = AppEndpoint.swift; sourceTree = "<group>"; };
		633D44152A4A3C5A009FFECB /* AppCharacterStatus.swift */ = {isa = PBXFileReference; lastKnownFileType = sourcecode.swift; path = AppCharacterStatus.swift; sourceTree = "<group>"; };
		633D44172A4A3C84009FFECB /* AppOrigin.swift */ = {isa = PBXFileReference; lastKnownFileType = sourcecode.swift; path = AppOrigin.swift; sourceTree = "<group>"; };
		633D44192A4A3CEA009FFECB /* AppCharLocation.swift */ = {isa = PBXFileReference; lastKnownFileType = sourcecode.swift; path = AppCharLocation.swift; sourceTree = "<group>"; };
		633D441B2A4A3D74009FFECB /* AppCharacterGender.swift */ = {isa = PBXFileReference; lastKnownFileType = sourcecode.swift; path = AppCharacterGender.swift; sourceTree = "<group>"; };
		6340E98D2AB1E8B100A55885 /* AppEpisodeDetailViewController.swift */ = {isa = PBXFileReference; lastKnownFileType = sourcecode.swift; path = AppEpisodeDetailViewController.swift; sourceTree = "<group>"; };
		6340E98F2AB23A7000A55885 /* AppAPICacheManager.swift */ = {isa = PBXFileReference; lastKnownFileType = sourcecode.swift; path = AppAPICacheManager.swift; sourceTree = "<group>"; };
		6340E9912AB2444200A55885 /* AppEpisodeDetailViewViewModel.swift */ = {isa = PBXFileReference; lastKnownFileType = sourcecode.swift; path = AppEpisodeDetailViewViewModel.swift; sourceTree = "<group>"; };
		6340E9932AB249D800A55885 /* AppEpisodeDetailView.swift */ = {isa = PBXFileReference; lastKnownFileType = sourcecode.swift; path = AppEpisodeDetailView.swift; sourceTree = "<group>"; };
		63896C852A5353B000E732A2 /* AppGetAllCharactersResponse.swift */ = {isa = PBXFileReference; lastKnownFileType = sourcecode.swift; path = AppGetAllCharactersResponse.swift; sourceTree = "<group>"; };
		639DC9F72A5D396E001A3689 /* AppFooterLoadingCollectionReusableView.swift */ = {isa = PBXFileReference; lastKnownFileType = sourcecode.swift; path = AppFooterLoadingCollectionReusableView.swift; sourceTree = "<group>"; };
		63A4787B2AB2FC5C007A6B12 /* AppEpisodeListView.swift */ = {isa = PBXFileReference; lastKnownFileType = sourcecode.swift; path = AppEpisodeListView.swift; sourceTree = "<group>"; };
		63A4787D2AB300A1007A6B12 /* AppEpisodeListViewViewModel.swift */ = {isa = PBXFileReference; lastKnownFileType = sourcecode.swift; path = AppEpisodeListViewViewModel.swift; sourceTree = "<group>"; };
		63A4787F2AB37FF9007A6B12 /* AppGetAllEpisodeResponses.swift */ = {isa = PBXFileReference; lastKnownFileType = sourcecode.swift; path = AppGetAllEpisodeResponses.swift; sourceTree = "<group>"; };
		63A478832AB448C8007A6B12 /* AppSearchViewController.swift */ = {isa = PBXFileReference; lastKnownFileType = sourcecode.swift; path = AppSearchViewController.swift; sourceTree = "<group>"; };
		63A478852AB44C62007A6B12 /* Constant.swift */ = {isa = PBXFileReference; lastKnownFileType = sourcecode.swift; path = Constant.swift; sourceTree = "<group>"; };
		63A478872AB488AE007A6B12 /* AppCharacterCollectionListViewCell.swift */ = {isa = PBXFileReference; lastKnownFileType = sourcecode.swift; path = AppCharacterCollectionListViewCell.swift; sourceTree = "<group>"; };
		63A4788A2AB63462007A6B12 /* AppEpisodeInfoCollectionViewCell.swift */ = {isa = PBXFileReference; lastKnownFileType = sourcecode.swift; path = AppEpisodeInfoCollectionViewCell.swift; sourceTree = "<group>"; };
		63A4788D2AB63A04007A6B12 /* AppEpisodeInfoCollectionViewCellViewModel.swift */ = {isa = PBXFileReference; lastKnownFileType = sourcecode.swift; path = AppEpisodeInfoCollectionViewCellViewModel.swift; sourceTree = "<group>"; };
/* End PBXFileReference section */

/* Begin PBXFrameworksBuildPhase section */
		633D43DF2A49C30F009FFECB /* Frameworks */ = {
			isa = PBXFrameworksBuildPhase;
			buildActionMask = 2147483647;
			files = (
			);
			runOnlyForDeploymentPostprocessing = 0;
		};
/* End PBXFrameworksBuildPhase section */

/* Begin PBXGroup section */
		630DE4FB2A7B947F005ACA2F /* CharacterDetails */ = {
			isa = PBXGroup;
			children = (
				630E6B9C2A58231100C17EFB /* AppCharacterDetailedView.swift */,
				630DE4FF2A7B952A005ACA2F /* AppCharacterPhotoCollectionViewCell.swift */,
				630DE5012A7B9537005ACA2F /* AppCharacterInfoCollectionViewCell.swift */,
				630DE5032A7B9547005ACA2F /* AppCharacterEpisodeCollectionViewCell.swift */,
			);
			path = CharacterDetails;
			sourceTree = "<group>";
		};
		630DE4FC2A7B94B5005ACA2F /* Character */ = {
			isa = PBXGroup;
			children = (
				630E6B912A54AEAC00C17EFB /* AppCharacterListView.swift */,
				630E6B952A56B5A400C17EFB /* AppCharacterCollectionGridViewCell.swift */,
				63A478872AB488AE007A6B12 /* AppCharacterCollectionListViewCell.swift */,
			);
			path = Character;
			sourceTree = "<group>";
		};
		630DE5052A7B9563005ACA2F /* CharacterDetail */ = {
			isa = PBXGroup;
			children = (
				630E6B9E2A58234600C17EFB /* AppCharacterDetailedViewViewModel.swift */,
				630DE5062A7B95C9005ACA2F /* AppCharacterPhotoCollectionViewCellViewModel.swift */,
				630DE5082A7B95D8005ACA2F /* AppCharacterInfoCollectionViewCellViewModel.swift */,
				630DE50A2A7B95E5005ACA2F /* AppCharacterEpisodeCollectionViewCellViewModel.swift */,
			);
			path = CharacterDetail;
			sourceTree = "<group>";
		};
		630E6B992A58223C00C17EFB /* Other */ = {
			isa = PBXGroup;
			children = (
				630E6B9A2A58226400C17EFB /* AppCharacterDetailedViewController.swift */,
				6340E98D2AB1E8B100A55885 /* AppEpisodeDetailViewController.swift */,
				63A478832AB448C8007A6B12 /* AppSearchViewController.swift */,
			);
			path = Other;
			sourceTree = "<group>";
		};
		6330162F2ABAE793005287F7 /* Settings */ = {
			isa = PBXGroup;
			children = (
				633016302ABAE7B4005287F7 /* AppSettingsViewViewModel.swift */,
				633016322ABAE832005287F7 /* AppSettingsCellViewModel.swift */,
				633016342ABB078A005287F7 /* AppSettingsOption.swift */,
				6330163B2ABB64B6005287F7 /* AppSettingsCollectionViewViewModel.swift */,
			);
			path = Settings;
			sourceTree = "<group>";
		};
		633016362ABB2675005287F7 /* Settings */ = {
			isa = PBXGroup;
			children = (
				633016372ABB26B5005287F7 /* AppSettingsView.swift */,
				633016392ABB603A005287F7 /* AppSettingsViewCollectionViewCell.swift */,
			);
			path = Settings;
			sourceTree = "<group>";
		};
		633D43D92A49C30F009FFECB = {
			isa = PBXGroup;
			children = (
				633D43E42A49C30F009FFECB /* RickNMorty */,
				633D43E32A49C30F009FFECB /* Products */,
			);
			sourceTree = "<group>";
		};
		633D43E32A49C30F009FFECB /* Products */ = {
			isa = PBXGroup;
			children = (
				633D43E22A49C30F009FFECB /* RickNMorty.app */,
			);
			name = Products;
			sourceTree = "<group>";
		};
		633D43E42A49C30F009FFECB /* RickNMorty */ = {
			isa = PBXGroup;
			children = (
				633D43F32A49C310009FFECB /* Info.plist */,
				633D43FF2A4A1A1B009FFECB /* Files */,
				633D43FE2A4A1A0E009FFECB /* Managers */,
				633D43FD2A4A19EF009FFECB /* APIClient */,
				633D43FC2A4A19DF009FFECB /* ViewModels */,
				633D43FA2A4A19B4009FFECB /* Views */,
				633D43FB2A4A19CE009FFECB /* Models */,
				633D43F92A4A199C009FFECB /* Controllers */,
			);
			path = RickNMorty;
			sourceTree = "<group>";
		};
		633D43F92A4A199C009FFECB /* Controllers */ = {
			isa = PBXGroup;
			children = (
				630E6B992A58223C00C17EFB /* Other */,
				633D44062A4A1B32009FFECB /* Core */,
			);
			path = Controllers;
			sourceTree = "<group>";
		};
		633D43FA2A4A19B4009FFECB /* Views */ = {
			isa = PBXGroup;
			children = (
				633016362ABB2675005287F7 /* Settings */,
				63A478892AB6341E007A6B12 /* EpisodeDetails */,
				63A4787A2AB2FC21007A6B12 /* Episode */,
				630DE4FB2A7B947F005ACA2F /* CharacterDetails */,
				630DE4FC2A7B94B5005ACA2F /* Character */,
				639DC9F72A5D396E001A3689 /* AppFooterLoadingCollectionReusableView.swift */,
			);
			path = Views;
			sourceTree = "<group>";
		};
		633D43FB2A4A19CE009FFECB /* Models */ = {
			isa = PBXGroup;
			children = (
				63896C842A53537C00E732A2 /* APIResponseTypes */,
				63896C832A53535700E732A2 /* DataTypes */,
			);
			path = Models;
			sourceTree = "<group>";
		};
		633D43FC2A4A19DF009FFECB /* ViewModels */ = {
			isa = PBXGroup;
			children = (
				6330162F2ABAE793005287F7 /* Settings */,
				63A4788C2AB63481007A6B12 /* EpisodeDetail */,
				630DE5052A7B9563005ACA2F /* CharacterDetail */,
				630E6B8F2A54AE0600C17EFB /* AppCharacterListViewViewModel.swift */,
				630E6B972A56C27900C17EFB /* AppCharacterCollectionViewCellViewModel.swift */,
				63A4787D2AB300A1007A6B12 /* AppEpisodeListViewViewModel.swift */,
			);
			path = ViewModels;
			sourceTree = "<group>";
		};
		633D43FD2A4A19EF009FFECB /* APIClient */ = {
			isa = PBXGroup;
			children = (
				633D440F2A4A2EA3009FFECB /* AppService.swift */,
				633D44112A4A2EB7009FFECB /* AppRequest.swift */,
				633D44132A4A2FE0009FFECB /* AppEndpoint.swift */,
			);
			path = APIClient;
			sourceTree = "<group>";
		};
		633D43FE2A4A1A0E009FFECB /* Managers */ = {
			isa = PBXGroup;
			children = (
				630DE4F82A725168005ACA2F /* AppImageLoader.swift */,
				6340E98F2AB23A7000A55885 /* AppAPICacheManager.swift */,
			);
			path = Managers;
			sourceTree = "<group>";
		};
		633D43FF2A4A1A1B009FFECB /* Files */ = {
			isa = PBXGroup;
			children = (
				633D43E52A49C30F009FFECB /* AppDelegate.swift */,
				633D43E72A49C30F009FFECB /* SceneDelegate.swift */,
				633D43F02A49C310009FFECB /* LaunchScreen.storyboard */,
				633D43EE2A49C310009FFECB /* Assets.xcassets */,
				630E6B932A55707300C17EFB /* Extensions.swift */,
				63A478852AB44C62007A6B12 /* Constant.swift */,
			);
			path = Files;
			sourceTree = "<group>";
		};
		633D44062A4A1B32009FFECB /* Core */ = {
			isa = PBXGroup;
			children = (
				633D43E92A49C30F009FFECB /* TabBarViewController.swift */,
				633D44072A4A1B6E009FFECB /* CharacterViewController.swift */,
				633D44092A4A1B83009FFECB /* LocationViewController.swift */,
				633D440B2A4A1B8F009FFECB /* EpisodeViewController.swift */,
				633D440D2A4A1BAC009FFECB /* SettingsViewController.swift */,
			);
			path = Core;
			sourceTree = "<group>";
		};
		63896C832A53535700E732A2 /* DataTypes */ = {
			isa = PBXGroup;
			children = (
				633D44002A4A1A98009FFECB /* AppLocation.swift */,
				633D44022A4A1AB6009FFECB /* AppCharacter.swift */,
				633D44042A4A1ACB009FFECB /* AppEpisode.swift */,
				633D44152A4A3C5A009FFECB /* AppCharacterStatus.swift */,
				633D44192A4A3CEA009FFECB /* AppCharLocation.swift */,
				633D44172A4A3C84009FFECB /* AppOrigin.swift */,
				633D441B2A4A3D74009FFECB /* AppCharacterGender.swift */,
			);
			path = DataTypes;
			sourceTree = "<group>";
		};
		63896C842A53537C00E732A2 /* APIResponseTypes */ = {
			isa = PBXGroup;
			children = (
				63896C852A5353B000E732A2 /* AppGetAllCharactersResponse.swift */,
				63A4787F2AB37FF9007A6B12 /* AppGetAllEpisodeResponses.swift */,
			);
			path = APIResponseTypes;
			sourceTree = "<group>";
		};
		63A4787A2AB2FC21007A6B12 /* Episode */ = {
			isa = PBXGroup;
			children = (
				63A4787B2AB2FC5C007A6B12 /* AppEpisodeListView.swift */,
			);
			path = Episode;
			sourceTree = "<group>";
		};
		63A478892AB6341E007A6B12 /* EpisodeDetails */ = {
			isa = PBXGroup;
			children = (
				6340E9932AB249D800A55885 /* AppEpisodeDetailView.swift */,
				63A4788A2AB63462007A6B12 /* AppEpisodeInfoCollectionViewCell.swift */,
			);
			path = EpisodeDetails;
			sourceTree = "<group>";
		};
		63A4788C2AB63481007A6B12 /* EpisodeDetail */ = {
			isa = PBXGroup;
			children = (
				6340E9912AB2444200A55885 /* AppEpisodeDetailViewViewModel.swift */,
				63A4788D2AB63A04007A6B12 /* AppEpisodeInfoCollectionViewCellViewModel.swift */,
			);
			path = EpisodeDetail;
			sourceTree = "<group>";
		};
/* End PBXGroup section */

/* Begin PBXNativeTarget section */
		633D43E12A49C30F009FFECB /* RickNMorty */ = {
			isa = PBXNativeTarget;
			buildConfigurationList = 633D43F62A49C310009FFECB /* Build configuration list for PBXNativeTarget "RickNMorty" */;
			buildPhases = (
				633D43DE2A49C30F009FFECB /* Sources */,
				633D43DF2A49C30F009FFECB /* Frameworks */,
				633D43E02A49C30F009FFECB /* Resources */,
			);
			buildRules = (
			);
			dependencies = (
			);
			name = RickNMorty;
			productName = RickNMorty;
			productReference = 633D43E22A49C30F009FFECB /* RickNMorty.app */;
			productType = "com.apple.product-type.application";
		};
/* End PBXNativeTarget section */

/* Begin PBXProject section */
		633D43DA2A49C30F009FFECB /* Project object */ = {
			isa = PBXProject;
			attributes = {
				BuildIndependentTargetsInParallel = 1;
				LastSwiftUpdateCheck = 1430;
				LastUpgradeCheck = 1430;
				TargetAttributes = {
					633D43E12A49C30F009FFECB = {
						CreatedOnToolsVersion = 14.3.1;
					};
				};
			};
			buildConfigurationList = 633D43DD2A49C30F009FFECB /* Build configuration list for PBXProject "RickNMorty" */;
			compatibilityVersion = "Xcode 14.0";
			developmentRegion = en;
			hasScannedForEncodings = 0;
			knownRegions = (
				en,
				Base,
			);
			mainGroup = 633D43D92A49C30F009FFECB;
			productRefGroup = 633D43E32A49C30F009FFECB /* Products */;
			projectDirPath = "";
			projectRoot = "";
			targets = (
				633D43E12A49C30F009FFECB /* RickNMorty */,
			);
		};
/* End PBXProject section */

/* Begin PBXResourcesBuildPhase section */
		633D43E02A49C30F009FFECB /* Resources */ = {
			isa = PBXResourcesBuildPhase;
			buildActionMask = 2147483647;
			files = (
				633D43F22A49C310009FFECB /* LaunchScreen.storyboard in Resources */,
				633D43EF2A49C310009FFECB /* Assets.xcassets in Resources */,
			);
			runOnlyForDeploymentPostprocessing = 0;
		};
/* End PBXResourcesBuildPhase section */

/* Begin PBXSourcesBuildPhase section */
		633D43DE2A49C30F009FFECB /* Sources */ = {
			isa = PBXSourcesBuildPhase;
			buildActionMask = 2147483647;
			files = (
				633D43EA2A49C30F009FFECB /* TabBarViewController.swift in Sources */,
				633D44122A4A2EB7009FFECB /* AppRequest.swift in Sources */,
				630DE5022A7B9537005ACA2F /* AppCharacterInfoCollectionViewCell.swift in Sources */,
				639DC9F82A5D396E001A3689 /* AppFooterLoadingCollectionReusableView.swift in Sources */,
				630DE5002A7B952A005ACA2F /* AppCharacterPhotoCollectionViewCell.swift in Sources */,
				6340E9922AB2444200A55885 /* AppEpisodeDetailViewViewModel.swift in Sources */,
				630DE5042A7B9547005ACA2F /* AppCharacterEpisodeCollectionViewCell.swift in Sources */,
				633016332ABAE832005287F7 /* AppSettingsCellViewModel.swift in Sources */,
				6340E98E2AB1E8B100A55885 /* AppEpisodeDetailViewController.swift in Sources */,
				630DE5092A7B95D8005ACA2F /* AppCharacterInfoCollectionViewCellViewModel.swift in Sources */,
				6340E9942AB249D800A55885 /* AppEpisodeDetailView.swift in Sources */,
				63A478882AB488AE007A6B12 /* AppCharacterCollectionListViewCell.swift in Sources */,
				633016312ABAE7B4005287F7 /* AppSettingsViewViewModel.swift in Sources */,
				633016382ABB26B5005287F7 /* AppSettingsView.swift in Sources */,
				630E6B922A54AEAC00C17EFB /* AppCharacterListView.swift in Sources */,
				63A4787E2AB300A1007A6B12 /* AppEpisodeListViewViewModel.swift in Sources */,
				633D440C2A4A1B8F009FFECB /* EpisodeViewController.swift in Sources */,
				633016352ABB078A005287F7 /* AppSettingsOption.swift in Sources */,
				630E6B9B2A58226400C17EFB /* AppCharacterDetailedViewController.swift in Sources */,
				630E6B962A56B5A400C17EFB /* AppCharacterCollectionGridViewCell.swift in Sources */,
				633D44052A4A1ACB009FFECB /* AppEpisode.swift in Sources */,
				633D441A2A4A3CEA009FFECB /* AppCharLocation.swift in Sources */,
				633D44142A4A2FE0009FFECB /* AppEndpoint.swift in Sources */,
				633D440E2A4A1BAC009FFECB /* SettingsViewController.swift in Sources */,
				633D44082A4A1B6E009FFECB /* CharacterViewController.swift in Sources */,
				63A4788B2AB63462007A6B12 /* AppEpisodeInfoCollectionViewCell.swift in Sources */,
				633D43E62A49C30F009FFECB /* AppDelegate.swift in Sources */,
				6330163A2ABB603A005287F7 /* AppSettingsViewCollectionViewCell.swift in Sources */,
				63A4787C2AB2FC5C007A6B12 /* AppEpisodeListView.swift in Sources */,
				630E6B9F2A58234600C17EFB /* AppCharacterDetailedViewViewModel.swift in Sources */,
				630DE4F92A725168005ACA2F /* AppImageLoader.swift in Sources */,
				633D44032A4A1AB6009FFECB /* AppCharacter.swift in Sources */,
				633D43E82A49C30F009FFECB /* SceneDelegate.swift in Sources */,
				633D44102A4A2EA3009FFECB /* AppService.swift in Sources */,
				630E6B942A55707300C17EFB /* Extensions.swift in Sources */,
				633D44012A4A1A98009FFECB /* AppLocation.swift in Sources */,
				630DE50B2A7B95E5005ACA2F /* AppCharacterEpisodeCollectionViewCellViewModel.swift in Sources */,
				63896C862A5353B000E732A2 /* AppGetAllCharactersResponse.swift in Sources */,
				630DE5072A7B95C9005ACA2F /* AppCharacterPhotoCollectionViewCellViewModel.swift in Sources */,
				633D440A2A4A1B83009FFECB /* LocationViewController.swift in Sources */,
				633D441C2A4A3D74009FFECB /* AppCharacterGender.swift in Sources */,
				63A478862AB44C62007A6B12 /* Constant.swift in Sources */,
				63A478842AB448C8007A6B12 /* AppSearchViewController.swift in Sources */,
				633D44162A4A3C5A009FFECB /* AppCharacterStatus.swift in Sources */,
				6330163C2ABB64B6005287F7 /* AppSettingsCollectionViewViewModel.swift in Sources */,
				63A4788E2AB63A04007A6B12 /* AppEpisodeInfoCollectionViewCellViewModel.swift in Sources */,
				630E6B902A54AE0600C17EFB /* AppCharacterListViewViewModel.swift in Sources */,
				633D44182A4A3C84009FFECB /* AppOrigin.swift in Sources */,
				63A478802AB37FF9007A6B12 /* AppGetAllEpisodeResponses.swift in Sources */,
				6340E9902AB23A7000A55885 /* AppAPICacheManager.swift in Sources */,
				630E6B982A56C27900C17EFB /* AppCharacterCollectionViewCellViewModel.swift in Sources */,
				630E6B9D2A58231100C17EFB /* AppCharacterDetailedView.swift in Sources */,
			);
			runOnlyForDeploymentPostprocessing = 0;
		};
/* End PBXSourcesBuildPhase section */

/* Begin PBXVariantGroup section */
		633D43F02A49C310009FFECB /* LaunchScreen.storyboard */ = {
			isa = PBXVariantGroup;
			children = (
				633D43F12A49C310009FFECB /* Base */,
			);
			name = LaunchScreen.storyboard;
			sourceTree = "<group>";
		};
/* End PBXVariantGroup section */

/* Begin XCBuildConfiguration section */
		633D43F42A49C310009FFECB /* Debug */ = {
			isa = XCBuildConfiguration;
			buildSettings = {
				ALWAYS_SEARCH_USER_PATHS = NO;
				CLANG_ANALYZER_NONNULL = YES;
				CLANG_ANALYZER_NUMBER_OBJECT_CONVERSION = YES_AGGRESSIVE;
				CLANG_CXX_LANGUAGE_STANDARD = "gnu++20";
				CLANG_ENABLE_MODULES = YES;
				CLANG_ENABLE_OBJC_ARC = YES;
				CLANG_ENABLE_OBJC_WEAK = YES;
				CLANG_WARN_BLOCK_CAPTURE_AUTORELEASING = YES;
				CLANG_WARN_BOOL_CONVERSION = YES;
				CLANG_WARN_COMMA = YES;
				CLANG_WARN_CONSTANT_CONVERSION = YES;
				CLANG_WARN_DEPRECATED_OBJC_IMPLEMENTATIONS = YES;
				CLANG_WARN_DIRECT_OBJC_ISA_USAGE = YES_ERROR;
				CLANG_WARN_DOCUMENTATION_COMMENTS = YES;
				CLANG_WARN_EMPTY_BODY = YES;
				CLANG_WARN_ENUM_CONVERSION = YES;
				CLANG_WARN_INFINITE_RECURSION = YES;
				CLANG_WARN_INT_CONVERSION = YES;
				CLANG_WARN_NON_LITERAL_NULL_CONVERSION = YES;
				CLANG_WARN_OBJC_IMPLICIT_RETAIN_SELF = YES;
				CLANG_WARN_OBJC_LITERAL_CONVERSION = YES;
				CLANG_WARN_OBJC_ROOT_CLASS = YES_ERROR;
				CLANG_WARN_QUOTED_INCLUDE_IN_FRAMEWORK_HEADER = YES;
				CLANG_WARN_RANGE_LOOP_ANALYSIS = YES;
				CLANG_WARN_STRICT_PROTOTYPES = YES;
				CLANG_WARN_SUSPICIOUS_MOVE = YES;
				CLANG_WARN_UNGUARDED_AVAILABILITY = YES_AGGRESSIVE;
				CLANG_WARN_UNREACHABLE_CODE = YES;
				CLANG_WARN__DUPLICATE_METHOD_MATCH = YES;
				COPY_PHASE_STRIP = NO;
				DEBUG_INFORMATION_FORMAT = dwarf;
				ENABLE_STRICT_OBJC_MSGSEND = YES;
				ENABLE_TESTABILITY = YES;
				GCC_C_LANGUAGE_STANDARD = gnu11;
				GCC_DYNAMIC_NO_PIC = NO;
				GCC_NO_COMMON_BLOCKS = YES;
				GCC_OPTIMIZATION_LEVEL = 0;
				GCC_PREPROCESSOR_DEFINITIONS = (
					"DEBUG=1",
					"$(inherited)",
				);
				GCC_WARN_64_TO_32_BIT_CONVERSION = YES;
				GCC_WARN_ABOUT_RETURN_TYPE = YES_ERROR;
				GCC_WARN_UNDECLARED_SELECTOR = YES;
				GCC_WARN_UNINITIALIZED_AUTOS = YES_AGGRESSIVE;
				GCC_WARN_UNUSED_FUNCTION = YES;
				GCC_WARN_UNUSED_VARIABLE = YES;
				IPHONEOS_DEPLOYMENT_TARGET = 16.4;
				MTL_ENABLE_DEBUG_INFO = INCLUDE_SOURCE;
				MTL_FAST_MATH = YES;
				ONLY_ACTIVE_ARCH = YES;
				SDKROOT = iphoneos;
				SWIFT_ACTIVE_COMPILATION_CONDITIONS = DEBUG;
				SWIFT_OPTIMIZATION_LEVEL = "-Onone";
			};
			name = Debug;
		};
		633D43F52A49C310009FFECB /* Release */ = {
			isa = XCBuildConfiguration;
			buildSettings = {
				ALWAYS_SEARCH_USER_PATHS = NO;
				CLANG_ANALYZER_NONNULL = YES;
				CLANG_ANALYZER_NUMBER_OBJECT_CONVERSION = YES_AGGRESSIVE;
				CLANG_CXX_LANGUAGE_STANDARD = "gnu++20";
				CLANG_ENABLE_MODULES = YES;
				CLANG_ENABLE_OBJC_ARC = YES;
				CLANG_ENABLE_OBJC_WEAK = YES;
				CLANG_WARN_BLOCK_CAPTURE_AUTORELEASING = YES;
				CLANG_WARN_BOOL_CONVERSION = YES;
				CLANG_WARN_COMMA = YES;
				CLANG_WARN_CONSTANT_CONVERSION = YES;
				CLANG_WARN_DEPRECATED_OBJC_IMPLEMENTATIONS = YES;
				CLANG_WARN_DIRECT_OBJC_ISA_USAGE = YES_ERROR;
				CLANG_WARN_DOCUMENTATION_COMMENTS = YES;
				CLANG_WARN_EMPTY_BODY = YES;
				CLANG_WARN_ENUM_CONVERSION = YES;
				CLANG_WARN_INFINITE_RECURSION = YES;
				CLANG_WARN_INT_CONVERSION = YES;
				CLANG_WARN_NON_LITERAL_NULL_CONVERSION = YES;
				CLANG_WARN_OBJC_IMPLICIT_RETAIN_SELF = YES;
				CLANG_WARN_OBJC_LITERAL_CONVERSION = YES;
				CLANG_WARN_OBJC_ROOT_CLASS = YES_ERROR;
				CLANG_WARN_QUOTED_INCLUDE_IN_FRAMEWORK_HEADER = YES;
				CLANG_WARN_RANGE_LOOP_ANALYSIS = YES;
				CLANG_WARN_STRICT_PROTOTYPES = YES;
				CLANG_WARN_SUSPICIOUS_MOVE = YES;
				CLANG_WARN_UNGUARDED_AVAILABILITY = YES_AGGRESSIVE;
				CLANG_WARN_UNREACHABLE_CODE = YES;
				CLANG_WARN__DUPLICATE_METHOD_MATCH = YES;
				COPY_PHASE_STRIP = NO;
				DEBUG_INFORMATION_FORMAT = "dwarf-with-dsym";
				ENABLE_NS_ASSERTIONS = NO;
				ENABLE_STRICT_OBJC_MSGSEND = YES;
				GCC_C_LANGUAGE_STANDARD = gnu11;
				GCC_NO_COMMON_BLOCKS = YES;
				GCC_WARN_64_TO_32_BIT_CONVERSION = YES;
				GCC_WARN_ABOUT_RETURN_TYPE = YES_ERROR;
				GCC_WARN_UNDECLARED_SELECTOR = YES;
				GCC_WARN_UNINITIALIZED_AUTOS = YES_AGGRESSIVE;
				GCC_WARN_UNUSED_FUNCTION = YES;
				GCC_WARN_UNUSED_VARIABLE = YES;
				IPHONEOS_DEPLOYMENT_TARGET = 16.4;
				MTL_ENABLE_DEBUG_INFO = NO;
				MTL_FAST_MATH = YES;
				SDKROOT = iphoneos;
				SWIFT_COMPILATION_MODE = wholemodule;
				SWIFT_OPTIMIZATION_LEVEL = "-O";
				VALIDATE_PRODUCT = YES;
			};
			name = Release;
		};
		633D43F72A49C310009FFECB /* Debug */ = {
			isa = XCBuildConfiguration;
			buildSettings = {
				ASSETCATALOG_COMPILER_APPICON_NAME = AppIcon;
				ASSETCATALOG_COMPILER_GLOBAL_ACCENT_COLOR_NAME = AccentColor;
				CODE_SIGN_STYLE = Automatic;
				CURRENT_PROJECT_VERSION = 1;
				DEVELOPMENT_TEAM = B34M97ZY6W;
				GENERATE_INFOPLIST_FILE = YES;
				INFOPLIST_FILE = RickNMorty/Info.plist;
				INFOPLIST_KEY_CFBundleDisplayName = RickNMorty;
				INFOPLIST_KEY_UIApplicationSupportsIndirectInputEvents = YES;
				INFOPLIST_KEY_UILaunchStoryboardName = LaunchScreen;
				INFOPLIST_KEY_UISupportedInterfaceOrientations_iPad = "UIInterfaceOrientationPortrait UIInterfaceOrientationPortraitUpsideDown UIInterfaceOrientationLandscapeLeft UIInterfaceOrientationLandscapeRight";
				INFOPLIST_KEY_UISupportedInterfaceOrientations_iPhone = "UIInterfaceOrientationPortrait UIInterfaceOrientationLandscapeLeft UIInterfaceOrientationLandscapeRight";
				IPHONEOS_DEPLOYMENT_TARGET = 15.0;
				LD_RUNPATH_SEARCH_PATHS = (
					"$(inherited)",
					"@executable_path/Frameworks",
				);
				MARKETING_VERSION = 1.0;
				PRODUCT_BUNDLE_IDENTIFIER = foranewlife.RickNMorty;
				PRODUCT_NAME = "$(TARGET_NAME)";
				SWIFT_EMIT_LOC_STRINGS = YES;
				SWIFT_VERSION = 5.0;
				TARGETED_DEVICE_FAMILY = "1,2";
			};
			name = Debug;
		};
		633D43F82A49C310009FFECB /* Release */ = {
			isa = XCBuildConfiguration;
			buildSettings = {
				ASSETCATALOG_COMPILER_APPICON_NAME = AppIcon;
				ASSETCATALOG_COMPILER_GLOBAL_ACCENT_COLOR_NAME = AccentColor;
				CODE_SIGN_STYLE = Automatic;
				CURRENT_PROJECT_VERSION = 1;
				DEVELOPMENT_TEAM = B34M97ZY6W;
				GENERATE_INFOPLIST_FILE = YES;
				INFOPLIST_FILE = RickNMorty/Info.plist;
				INFOPLIST_KEY_CFBundleDisplayName = RickNMorty;
				INFOPLIST_KEY_UIApplicationSupportsIndirectInputEvents = YES;
				INFOPLIST_KEY_UILaunchStoryboardName = LaunchScreen;
				INFOPLIST_KEY_UISupportedInterfaceOrientations_iPad = "UIInterfaceOrientationPortrait UIInterfaceOrientationPortraitUpsideDown UIInterfaceOrientationLandscapeLeft UIInterfaceOrientationLandscapeRight";
				INFOPLIST_KEY_UISupportedInterfaceOrientations_iPhone = "UIInterfaceOrientationPortrait UIInterfaceOrientationLandscapeLeft UIInterfaceOrientationLandscapeRight";
				IPHONEOS_DEPLOYMENT_TARGET = 15.0;
				LD_RUNPATH_SEARCH_PATHS = (
					"$(inherited)",
					"@executable_path/Frameworks",
				);
				MARKETING_VERSION = 1.0;
				PRODUCT_BUNDLE_IDENTIFIER = foranewlife.RickNMorty;
				PRODUCT_NAME = "$(TARGET_NAME)";
				SWIFT_EMIT_LOC_STRINGS = YES;
				SWIFT_VERSION = 5.0;
				TARGETED_DEVICE_FAMILY = "1,2";
			};
			name = Release;
		};
/* End XCBuildConfiguration section */

/* Begin XCConfigurationList section */
		633D43DD2A49C30F009FFECB /* Build configuration list for PBXProject "RickNMorty" */ = {
			isa = XCConfigurationList;
			buildConfigurations = (
				633D43F42A49C310009FFECB /* Debug */,
				633D43F52A49C310009FFECB /* Release */,
			);
			defaultConfigurationIsVisible = 0;
			defaultConfigurationName = Release;
		};
		633D43F62A49C310009FFECB /* Build configuration list for PBXNativeTarget "RickNMorty" */ = {
			isa = XCConfigurationList;
			buildConfigurations = (
				633D43F72A49C310009FFECB /* Debug */,
				633D43F82A49C310009FFECB /* Release */,
			);
			defaultConfigurationIsVisible = 0;
			defaultConfigurationName = Release;
		};
/* End XCConfigurationList section */
	};
	rootObject = 633D43DA2A49C30F009FFECB /* Project object */;
}
